
Microsoft Visual Studio Solution File, Format Version 12.00
# Visual Studio Version 16
VisualStudioVersion = 16.0.29613.14
MinimumVisualStudioVersion = 10.0.40219.1
Project("{FAE04EC0-301F-11D3-BF4B-00C04F79EFBC}") = "AquateknikkUpdater", "AquateknikkUpdater.csproj", "{301885F0-0BA8-45BB-8076-17E36064B041}"
EndProject
Project("{FAE04EC0-301F-11D3-BF4B-00C04F79EFBC}") = "GuiEditor", "..\GuiEditor\GuiEditor.csproj", "{34D25D55-9C5E-405B-82D5-51C7C2D3573E}"
EndProject
Global
	GlobalSection(SolutionConfigurationPlatforms) = preSolution
		Debug|Any CPU = Debug|Any CPU
		Release|Any CPU = Release|Any CPU
	EndGlobalSection
	GlobalSection(ProjectConfigurationPlatforms) = postSolution
		{301885F0-0BA8-45BB-8076-17E36064B041}.Debug|Any CPU.ActiveCfg = Debug|Any CPU
		{301885F0-0BA8-45BB-8076-17E36064B041}.Debug|Any CPU.Build.0 = Debug|Any CPU
		{301885F0-0BA8-45BB-8076-17E36064B041}.Release|Any CPU.ActiveCfg = Release|Any CPU
		{301885F0-0BA8-45BB-8076-17E36064B041}.Release|Any CPU.Build.0 = Release|Any CPU
		{34D25D55-9C5E-405B-82D5-51C7C2D3573E}.Debug|Any CPU.ActiveCfg = Debug|Any CPU
		{34D25D55-9C5E-405B-82D5-51C7C2D3573E}.Debug|Any CPU.Build.0 = Debug|Any CPU
		{34D25D55-9C5E-405B-82D5-51C7C2D3573E}.Release|Any CPU.ActiveCfg = Release|Any CPU
		{34D25D55-9C5E-405B-82D5-51C7C2D3573E}.Release|Any CPU.Build.0 = Release|Any CPU
	EndGlobalSection
	GlobalSection(SolutionProperties) = preSolution
		HideSolutionNode = FALSE
	EndGlobalSection
	GlobalSection(ExtensibilityGlobals) = postSolution
		SolutionGuid = {41B49786-0BFA-4205-ADC7-6F9D9E49710F}
	EndGlobalSection
EndGlobal
